// !$*UTF8*$!
{
	archiveVersion = 1;
	classes = {
	};
	objectVersion = 50;
	objects = {

/* Begin PBXBuildFile section */
		773276EE2326686D00ED8476 /* Coordinator.swift in Sources */ = {isa = PBXBuildFile; fileRef = 773276ED2326686D00ED8476 /* Coordinator.swift */; };
		773276F02326689C00ED8476 /* MainCoordinator.swift in Sources */ = {isa = PBXBuildFile; fileRef = 773276EF2326689B00ED8476 /* MainCoordinator.swift */; };
		773276F223266DAD00ED8476 /* RegisterViewController.storyboard in Resources */ = {isa = PBXBuildFile; fileRef = 773276F123266DAD00ED8476 /* RegisterViewController.storyboard */; };
		773276F42326729D00ED8476 /* RegisterViewModel.swift in Sources */ = {isa = PBXBuildFile; fileRef = 773276F32326729D00ED8476 /* RegisterViewModel.swift */; };
		773276F723267A0600ED8476 /* CardsViewController.swift in Sources */ = {isa = PBXBuildFile; fileRef = 773276F623267A0600ED8476 /* CardsViewController.swift */; };
		773276F923267A1800ED8476 /* CardsViewController.storyboard in Resources */ = {isa = PBXBuildFile; fileRef = 773276F823267A1800ED8476 /* CardsViewController.storyboard */; };
		773276FB23267A2800ED8476 /* CardsViewModel.swift in Sources */ = {isa = PBXBuildFile; fileRef = 773276FA23267A2800ED8476 /* CardsViewModel.swift */; };
		773276FE23267E2400ED8476 /* CardTableViewCell.swift in Sources */ = {isa = PBXBuildFile; fileRef = 773276FD23267E2400ED8476 /* CardTableViewCell.swift */; };
		7732770123268D2900ED8476 /* DetailCardViewController.swift in Sources */ = {isa = PBXBuildFile; fileRef = 7732770023268D2900ED8476 /* DetailCardViewController.swift */; };
		7732770323268D3200ED8476 /* DetailCardViewController.storyboard in Resources */ = {isa = PBXBuildFile; fileRef = 7732770223268D3200ED8476 /* DetailCardViewController.storyboard */; };
		7732770623268D8600ED8476 /* BarcodeViewController.swift in Sources */ = {isa = PBXBuildFile; fileRef = 7732770523268D8600ED8476 /* BarcodeViewController.swift */; };
		7732770823268D9300ED8476 /* BarcodeViewController.storyboard in Resources */ = {isa = PBXBuildFile; fileRef = 7732770723268D9300ED8476 /* BarcodeViewController.storyboard */; };
		7732770B23268E5200ED8476 /* NewCardViewController.swift in Sources */ = {isa = PBXBuildFile; fileRef = 7732770A23268E5200ED8476 /* NewCardViewController.swift */; };
		7732770D23268E5B00ED8476 /* NewCardViewController.storyboard in Resources */ = {isa = PBXBuildFile; fileRef = 7732770C23268E5B00ED8476 /* NewCardViewController.storyboard */; };
		7732770F23279BAE00ED8476 /* Assets.xcassets in Resources */ = {isa = PBXBuildFile; fileRef = 7732770E23279BAE00ED8476 /* Assets.xcassets */; };
		7732771123279CDE00ED8476 /* DetailCardViewModel.swift in Sources */ = {isa = PBXBuildFile; fileRef = 7732771023279CDE00ED8476 /* DetailCardViewModel.swift */; };
		773277132327B5E700ED8476 /* NewCardViewModel.swift in Sources */ = {isa = PBXBuildFile; fileRef = 773277122327B5E700ED8476 /* NewCardViewModel.swift */; };
		77AA5B0C23227071006BAF70 /* AppDelegate.swift in Sources */ = {isa = PBXBuildFile; fileRef = 77AA5B0B23227071006BAF70 /* AppDelegate.swift */; };
		77AA5B0E23227071006BAF70 /* LoginViewController.swift in Sources */ = {isa = PBXBuildFile; fileRef = 77AA5B0D23227071006BAF70 /* LoginViewController.swift */; };
		77AA5B1123227071006BAF70 /* LoginViewController.storyboard in Resources */ = {isa = PBXBuildFile; fileRef = 77AA5B0F23227071006BAF70 /* LoginViewController.storyboard */; };
		77AA5B1623227073006BAF70 /* LaunchScreen.storyboard in Resources */ = {isa = PBXBuildFile; fileRef = 77AA5B1423227073006BAF70 /* LaunchScreen.storyboard */; };
		77AA5B2123227073006BAF70 /* CardchingTests.swift in Sources */ = {isa = PBXBuildFile; fileRef = 77AA5B2023227073006BAF70 /* CardchingTests.swift */; };
		77AA5B2C23227073006BAF70 /* CardchingUITests.swift in Sources */ = {isa = PBXBuildFile; fileRef = 77AA5B2B23227073006BAF70 /* CardchingUITests.swift */; };
		77AA5B3A232277D0006BAF70 /* fonts in Resources */ = {isa = PBXBuildFile; fileRef = 77AA5B39232277D0006BAF70 /* fonts */; };
		77AA5B4423227E64006BAF70 /* CustomFieldView.swift in Sources */ = {isa = PBXBuildFile; fileRef = 77AA5B4323227E64006BAF70 /* CustomFieldView.swift */; };
		77AA5B47232282BA006BAF70 /* AnchorExtensions.swift in Sources */ = {isa = PBXBuildFile; fileRef = 77AA5B46232282BA006BAF70 /* AnchorExtensions.swift */; };
		77AA5B49232284E4006BAF70 /* Colors.swift in Sources */ = {isa = PBXBuildFile; fileRef = 77AA5B48232284E4006BAF70 /* Colors.swift */; };
		77AA5B4B2322872B006BAF70 /* TextField.swift in Sources */ = {isa = PBXBuildFile; fileRef = 77AA5B4A2322872B006BAF70 /* TextField.swift */; };
		77CB54CA23228D0100AEEC94 /* OpenSans-Regular.ttf in Resources */ = {isa = PBXBuildFile; fileRef = 77CB54BF23228D0000AEEC94 /* OpenSans-Regular.ttf */; };
		77CB54CB23228D0100AEEC94 /* Quicksand-Regular.ttf in Resources */ = {isa = PBXBuildFile; fileRef = 77CB54C023228D0000AEEC94 /* Quicksand-Regular.ttf */; };
		77CB54CC23228D0100AEEC94 /* Roboto-Regular.ttf in Resources */ = {isa = PBXBuildFile; fileRef = 77CB54C123228D0000AEEC94 /* Roboto-Regular.ttf */; };
		77CB54CD23228D0100AEEC94 /* OpenSans-Bold.ttf in Resources */ = {isa = PBXBuildFile; fileRef = 77CB54C223228D0000AEEC94 /* OpenSans-Bold.ttf */; };
		77CB54CE23228D0100AEEC94 /* Roboto-Light.ttf in Resources */ = {isa = PBXBuildFile; fileRef = 77CB54C323228D0100AEEC94 /* Roboto-Light.ttf */; };
		77CB54CF23228D0100AEEC94 /* Quicksand-Medium.ttf in Resources */ = {isa = PBXBuildFile; fileRef = 77CB54C423228D0100AEEC94 /* Quicksand-Medium.ttf */; };
		77CB54D023228D0100AEEC94 /* Roboto-Bold.ttf in Resources */ = {isa = PBXBuildFile; fileRef = 77CB54C523228D0100AEEC94 /* Roboto-Bold.ttf */; };
		77CB54D123228D0100AEEC94 /* Quicksand-Bold.ttf in Resources */ = {isa = PBXBuildFile; fileRef = 77CB54C623228D0100AEEC94 /* Quicksand-Bold.ttf */; };
		77CB54D223228D0100AEEC94 /* Roboto-Medium.ttf in Resources */ = {isa = PBXBuildFile; fileRef = 77CB54C723228D0100AEEC94 /* Roboto-Medium.ttf */; };
		77CB54D323228D0100AEEC94 /* Quicksand-Light.ttf in Resources */ = {isa = PBXBuildFile; fileRef = 77CB54C823228D0100AEEC94 /* Quicksand-Light.ttf */; };
		77CB54D423228D0100AEEC94 /* OpenSans-Light.ttf in Resources */ = {isa = PBXBuildFile; fileRef = 77CB54C923228D0100AEEC94 /* OpenSans-Light.ttf */; };
		77CB54DA2326601400AEEC94 /* RegisterViewController.swift in Sources */ = {isa = PBXBuildFile; fileRef = 77CB54D92326601400AEEC94 /* RegisterViewController.swift */; };
		77CB54DC2326604A00AEEC94 /* LoginViewModel.swift in Sources */ = {isa = PBXBuildFile; fileRef = 77CB54DB2326604A00AEEC94 /* LoginViewModel.swift */; };
/* End PBXBuildFile section */

/* Begin PBXContainerItemProxy section */
		77AA5B1D23227073006BAF70 /* PBXContainerItemProxy */ = {
			isa = PBXContainerItemProxy;
			containerPortal = 77AA5B0023227071006BAF70 /* Project object */;
			proxyType = 1;
			remoteGlobalIDString = 77AA5B0723227071006BAF70;
			remoteInfo = Cardching;
		};
		77AA5B2823227073006BAF70 /* PBXContainerItemProxy */ = {
			isa = PBXContainerItemProxy;
			containerPortal = 77AA5B0023227071006BAF70 /* Project object */;
			proxyType = 1;
			remoteGlobalIDString = 77AA5B0723227071006BAF70;
			remoteInfo = Cardching;
		};
/* End PBXContainerItemProxy section */

/* Begin PBXFileReference section */
		773276ED2326686D00ED8476 /* Coordinator.swift */ = {isa = PBXFileReference; lastKnownFileType = sourcecode.swift; path = Coordinator.swift; sourceTree = "<group>"; };
		773276EF2326689B00ED8476 /* MainCoordinator.swift */ = {isa = PBXFileReference; lastKnownFileType = sourcecode.swift; path = MainCoordinator.swift; sourceTree = "<group>"; };
		773276F123266DAD00ED8476 /* RegisterViewController.storyboard */ = {isa = PBXFileReference; lastKnownFileType = file.storyboard; path = RegisterViewController.storyboard; sourceTree = "<group>"; };
		773276F32326729D00ED8476 /* RegisterViewModel.swift */ = {isa = PBXFileReference; lastKnownFileType = sourcecode.swift; path = RegisterViewModel.swift; sourceTree = "<group>"; };
		773276F623267A0600ED8476 /* CardsViewController.swift */ = {isa = PBXFileReference; lastKnownFileType = sourcecode.swift; path = CardsViewController.swift; sourceTree = "<group>"; };
		773276F823267A1800ED8476 /* CardsViewController.storyboard */ = {isa = PBXFileReference; lastKnownFileType = file.storyboard; path = CardsViewController.storyboard; sourceTree = "<group>"; };
		773276FA23267A2800ED8476 /* CardsViewModel.swift */ = {isa = PBXFileReference; lastKnownFileType = sourcecode.swift; path = CardsViewModel.swift; sourceTree = "<group>"; };
		773276FD23267E2400ED8476 /* CardTableViewCell.swift */ = {isa = PBXFileReference; lastKnownFileType = sourcecode.swift; path = CardTableViewCell.swift; sourceTree = "<group>"; };
		7732770023268D2900ED8476 /* DetailCardViewController.swift */ = {isa = PBXFileReference; lastKnownFileType = sourcecode.swift; path = DetailCardViewController.swift; sourceTree = "<group>"; };
		7732770223268D3200ED8476 /* DetailCardViewController.storyboard */ = {isa = PBXFileReference; lastKnownFileType = file.storyboard; path = DetailCardViewController.storyboard; sourceTree = "<group>"; };
		7732770523268D8600ED8476 /* BarcodeViewController.swift */ = {isa = PBXFileReference; lastKnownFileType = sourcecode.swift; path = BarcodeViewController.swift; sourceTree = "<group>"; };
		7732770723268D9300ED8476 /* BarcodeViewController.storyboard */ = {isa = PBXFileReference; lastKnownFileType = file.storyboard; path = BarcodeViewController.storyboard; sourceTree = "<group>"; };
		7732770A23268E5200ED8476 /* NewCardViewController.swift */ = {isa = PBXFileReference; lastKnownFileType = sourcecode.swift; path = NewCardViewController.swift; sourceTree = "<group>"; };
		7732770C23268E5B00ED8476 /* NewCardViewController.storyboard */ = {isa = PBXFileReference; lastKnownFileType = file.storyboard; path = NewCardViewController.storyboard; sourceTree = "<group>"; };
		7732770E23279BAE00ED8476 /* Assets.xcassets */ = {isa = PBXFileReference; lastKnownFileType = folder.assetcatalog; path = Assets.xcassets; sourceTree = "<group>"; };
		7732771023279CDE00ED8476 /* DetailCardViewModel.swift */ = {isa = PBXFileReference; lastKnownFileType = sourcecode.swift; path = DetailCardViewModel.swift; sourceTree = "<group>"; };
		773277122327B5E700ED8476 /* NewCardViewModel.swift */ = {isa = PBXFileReference; lastKnownFileType = sourcecode.swift; path = NewCardViewModel.swift; sourceTree = "<group>"; };
		77AA5B0823227071006BAF70 /* Cardching.app */ = {isa = PBXFileReference; explicitFileType = wrapper.application; includeInIndex = 0; path = Cardching.app; sourceTree = BUILT_PRODUCTS_DIR; };
		77AA5B0B23227071006BAF70 /* AppDelegate.swift */ = {isa = PBXFileReference; lastKnownFileType = sourcecode.swift; path = AppDelegate.swift; sourceTree = "<group>"; };
		77AA5B0D23227071006BAF70 /* LoginViewController.swift */ = {isa = PBXFileReference; lastKnownFileType = sourcecode.swift; path = LoginViewController.swift; sourceTree = "<group>"; };
		77AA5B1023227071006BAF70 /* Base */ = {isa = PBXFileReference; lastKnownFileType = file.storyboard; name = Base; path = Base.lproj/LoginViewController.storyboard; sourceTree = "<group>"; };
		77AA5B1523227073006BAF70 /* Base */ = {isa = PBXFileReference; lastKnownFileType = file.storyboard; name = Base; path = Base.lproj/LaunchScreen.storyboard; sourceTree = "<group>"; };
		77AA5B1723227073006BAF70 /* Info.plist */ = {isa = PBXFileReference; lastKnownFileType = text.plist.xml; path = Info.plist; sourceTree = "<group>"; };
		77AA5B1C23227073006BAF70 /* CardchingTests.xctest */ = {isa = PBXFileReference; explicitFileType = wrapper.cfbundle; includeInIndex = 0; path = CardchingTests.xctest; sourceTree = BUILT_PRODUCTS_DIR; };
		77AA5B2023227073006BAF70 /* CardchingTests.swift */ = {isa = PBXFileReference; lastKnownFileType = sourcecode.swift; path = CardchingTests.swift; sourceTree = "<group>"; };
		77AA5B2223227073006BAF70 /* Info.plist */ = {isa = PBXFileReference; lastKnownFileType = text.plist.xml; path = Info.plist; sourceTree = "<group>"; };
		77AA5B2723227073006BAF70 /* CardchingUITests.xctest */ = {isa = PBXFileReference; explicitFileType = wrapper.cfbundle; includeInIndex = 0; path = CardchingUITests.xctest; sourceTree = BUILT_PRODUCTS_DIR; };
		77AA5B2B23227073006BAF70 /* CardchingUITests.swift */ = {isa = PBXFileReference; lastKnownFileType = sourcecode.swift; path = CardchingUITests.swift; sourceTree = "<group>"; };
		77AA5B2D23227073006BAF70 /* Info.plist */ = {isa = PBXFileReference; lastKnownFileType = text.plist.xml; path = Info.plist; sourceTree = "<group>"; };
		77AA5B39232277D0006BAF70 /* fonts */ = {isa = PBXFileReference; lastKnownFileType = folder; path = fonts; sourceTree = "<group>"; };
		77AA5B4323227E64006BAF70 /* CustomFieldView.swift */ = {isa = PBXFileReference; lastKnownFileType = sourcecode.swift; path = CustomFieldView.swift; sourceTree = "<group>"; };
		77AA5B46232282BA006BAF70 /* AnchorExtensions.swift */ = {isa = PBXFileReference; lastKnownFileType = sourcecode.swift; path = AnchorExtensions.swift; sourceTree = "<group>"; };
		77AA5B48232284E4006BAF70 /* Colors.swift */ = {isa = PBXFileReference; lastKnownFileType = sourcecode.swift; path = Colors.swift; sourceTree = "<group>"; };
		77AA5B4A2322872B006BAF70 /* TextField.swift */ = {isa = PBXFileReference; lastKnownFileType = sourcecode.swift; path = TextField.swift; sourceTree = "<group>"; };
		77CB54BF23228D0000AEEC94 /* OpenSans-Regular.ttf */ = {isa = PBXFileReference; lastKnownFileType = file; path = "OpenSans-Regular.ttf"; sourceTree = "<group>"; };
		77CB54C023228D0000AEEC94 /* Quicksand-Regular.ttf */ = {isa = PBXFileReference; lastKnownFileType = file; path = "Quicksand-Regular.ttf"; sourceTree = "<group>"; };
		77CB54C123228D0000AEEC94 /* Roboto-Regular.ttf */ = {isa = PBXFileReference; lastKnownFileType = file; path = "Roboto-Regular.ttf"; sourceTree = "<group>"; };
		77CB54C223228D0000AEEC94 /* OpenSans-Bold.ttf */ = {isa = PBXFileReference; lastKnownFileType = file; path = "OpenSans-Bold.ttf"; sourceTree = "<group>"; };
		77CB54C323228D0100AEEC94 /* Roboto-Light.ttf */ = {isa = PBXFileReference; lastKnownFileType = file; path = "Roboto-Light.ttf"; sourceTree = "<group>"; };
		77CB54C423228D0100AEEC94 /* Quicksand-Medium.ttf */ = {isa = PBXFileReference; lastKnownFileType = file; path = "Quicksand-Medium.ttf"; sourceTree = "<group>"; };
		77CB54C523228D0100AEEC94 /* Roboto-Bold.ttf */ = {isa = PBXFileReference; lastKnownFileType = file; path = "Roboto-Bold.ttf"; sourceTree = "<group>"; };
		77CB54C623228D0100AEEC94 /* Quicksand-Bold.ttf */ = {isa = PBXFileReference; lastKnownFileType = file; path = "Quicksand-Bold.ttf"; sourceTree = "<group>"; };
		77CB54C723228D0100AEEC94 /* Roboto-Medium.ttf */ = {isa = PBXFileReference; lastKnownFileType = file; path = "Roboto-Medium.ttf"; sourceTree = "<group>"; };
		77CB54C823228D0100AEEC94 /* Quicksand-Light.ttf */ = {isa = PBXFileReference; lastKnownFileType = file; path = "Quicksand-Light.ttf"; sourceTree = "<group>"; };
		77CB54C923228D0100AEEC94 /* OpenSans-Light.ttf */ = {isa = PBXFileReference; lastKnownFileType = file; path = "OpenSans-Light.ttf"; sourceTree = "<group>"; };
		77CB54D92326601400AEEC94 /* RegisterViewController.swift */ = {isa = PBXFileReference; lastKnownFileType = sourcecode.swift; path = RegisterViewController.swift; sourceTree = "<group>"; };
		77CB54DB2326604A00AEEC94 /* LoginViewModel.swift */ = {isa = PBXFileReference; lastKnownFileType = sourcecode.swift; path = LoginViewModel.swift; sourceTree = "<group>"; };
/* End PBXFileReference section */

/* Begin PBXFrameworksBuildPhase section */
		77AA5B0523227071006BAF70 /* Frameworks */ = {
			isa = PBXFrameworksBuildPhase;
			buildActionMask = 2147483647;
			files = (
			);
			runOnlyForDeploymentPostprocessing = 0;
		};
		77AA5B1923227073006BAF70 /* Frameworks */ = {
			isa = PBXFrameworksBuildPhase;
			buildActionMask = 2147483647;
			files = (
			);
			runOnlyForDeploymentPostprocessing = 0;
		};
		77AA5B2423227073006BAF70 /* Frameworks */ = {
			isa = PBXFrameworksBuildPhase;
			buildActionMask = 2147483647;
			files = (
			);
			runOnlyForDeploymentPostprocessing = 0;
		};
/* End PBXFrameworksBuildPhase section */

/* Begin PBXGroup section */
		773276F5232679E500ED8476 /* Cards */ = {
			isa = PBXGroup;
			children = (
				773276F623267A0600ED8476 /* CardsViewController.swift */,
				773276F823267A1800ED8476 /* CardsViewController.storyboard */,
				773276FA23267A2800ED8476 /* CardsViewModel.swift */,
				7732770923268E3900ED8476 /* Add Card */,
				7732770423268D6000ED8476 /* Barcode */,
				773276FC23267E0E00ED8476 /* Cell */,
				773276FF23268CE800ED8476 /* Detail */,
			);
			path = Cards;
			sourceTree = "<group>";
		};
		773276FC23267E0E00ED8476 /* Cell */ = {
			isa = PBXGroup;
			children = (
				773276FD23267E2400ED8476 /* CardTableViewCell.swift */,
			);
			path = Cell;
			sourceTree = "<group>";
		};
		773276FF23268CE800ED8476 /* Detail */ = {
			isa = PBXGroup;
			children = (
				7732770023268D2900ED8476 /* DetailCardViewController.swift */,
				7732770223268D3200ED8476 /* DetailCardViewController.storyboard */,
				7732771023279CDE00ED8476 /* DetailCardViewModel.swift */,
			);
			path = Detail;
			sourceTree = "<group>";
		};
		7732770423268D6000ED8476 /* Barcode */ = {
			isa = PBXGroup;
			children = (
				7732770523268D8600ED8476 /* BarcodeViewController.swift */,
				7732770723268D9300ED8476 /* BarcodeViewController.storyboard */,
			);
			path = Barcode;
			sourceTree = "<group>";
		};
		7732770923268E3900ED8476 /* Add Card */ = {
			isa = PBXGroup;
			children = (
				7732770A23268E5200ED8476 /* NewCardViewController.swift */,
				7732770C23268E5B00ED8476 /* NewCardViewController.storyboard */,
				773277122327B5E700ED8476 /* NewCardViewModel.swift */,
			);
			path = "Add Card";
			sourceTree = "<group>";
		};
		77AA5AFF23227071006BAF70 = {
			isa = PBXGroup;
			children = (
				77AA5B0A23227071006BAF70 /* Cardching */,
				77AA5B1F23227073006BAF70 /* CardchingTests */,
				77AA5B2A23227073006BAF70 /* CardchingUITests */,
				77AA5B0923227071006BAF70 /* Products */,
			);
			sourceTree = "<group>";
		};
		77AA5B0923227071006BAF70 /* Products */ = {
			isa = PBXGroup;
			children = (
				77AA5B0823227071006BAF70 /* Cardching.app */,
				77AA5B1C23227073006BAF70 /* CardchingTests.xctest */,
				77AA5B2723227073006BAF70 /* CardchingUITests.xctest */,
			);
			name = Products;
			sourceTree = "<group>";
		};
		77AA5B0A23227071006BAF70 /* Cardching */ = {
			isa = PBXGroup;
			children = (
				77AA5B45232282A0006BAF70 /* Common */,
				77AA5B4023227DF0006BAF70 /* App */,
				77AA5B3E23227DBC006BAF70 /* UI */,
				77AA5B1423227073006BAF70 /* LaunchScreen.storyboard */,
				77AA5B1723227073006BAF70 /* Info.plist */,
				77AA5B4123227E08006BAF70 /* Resources */,
			);
			path = Cardching;
			sourceTree = "<group>";
		};
		77AA5B1F23227073006BAF70 /* CardchingTests */ = {
			isa = PBXGroup;
			children = (
				77AA5B2023227073006BAF70 /* CardchingTests.swift */,
				77AA5B2223227073006BAF70 /* Info.plist */,
			);
			path = CardchingTests;
			sourceTree = "<group>";
		};
		77AA5B2A23227073006BAF70 /* CardchingUITests */ = {
			isa = PBXGroup;
			children = (
				77AA5B2B23227073006BAF70 /* CardchingUITests.swift */,
				77AA5B2D23227073006BAF70 /* Info.plist */,
			);
			path = CardchingUITests;
			sourceTree = "<group>";
		};
		77AA5B3E23227DBC006BAF70 /* UI */ = {
			isa = PBXGroup;
			children = (
				773276ED2326686D00ED8476 /* Coordinator.swift */,
				773276EF2326689B00ED8476 /* MainCoordinator.swift */,
				77AA5B4223227E2D006BAF70 /* CustomField */,
				77AA5B3F23227DD9006BAF70 /* Login Start */,
				77CB54D823265FD700AEEC94 /* Register */,
				773276F5232679E500ED8476 /* Cards */,
			);
			path = UI;
			sourceTree = "<group>";
		};
		77AA5B3F23227DD9006BAF70 /* Login Start */ = {
			isa = PBXGroup;
			children = (
				77AA5B0D23227071006BAF70 /* LoginViewController.swift */,
				77AA5B0F23227071006BAF70 /* LoginViewController.storyboard */,
				77CB54DB2326604A00AEEC94 /* LoginViewModel.swift */,
			);
			path = "Login Start";
			sourceTree = "<group>";
		};
		77AA5B4023227DF0006BAF70 /* App */ = {
			isa = PBXGroup;
			children = (
				77AA5B0B23227071006BAF70 /* AppDelegate.swift */,
			);
			path = App;
			sourceTree = "<group>";
		};
		77AA5B4123227E08006BAF70 /* Resources */ = {
			isa = PBXGroup;
			children = (
				7732770E23279BAE00ED8476 /* Assets.xcassets */,
				77CB54D523228D1500AEEC94 /* fonts */,
				77AA5B39232277D0006BAF70 /* fonts */,
			);
			path = Resources;
			sourceTree = "<group>";
		};
		77AA5B4223227E2D006BAF70 /* CustomField */ = {
			isa = PBXGroup;
			children = (
				77AA5B4323227E64006BAF70 /* CustomFieldView.swift */,
			);
			path = CustomField;
			sourceTree = "<group>";
		};
		77AA5B45232282A0006BAF70 /* Common */ = {
			isa = PBXGroup;
			children = (
				77AA5B46232282BA006BAF70 /* AnchorExtensions.swift */,
				77AA5B48232284E4006BAF70 /* Colors.swift */,
				77AA5B4A2322872B006BAF70 /* TextField.swift */,
			);
			path = Common;
			sourceTree = "<group>";
		};
		77CB54D523228D1500AEEC94 /* fonts */ = {
			isa = PBXGroup;
			children = (
				77CB54C223228D0000AEEC94 /* OpenSans-Bold.ttf */,
				77CB54C923228D0100AEEC94 /* OpenSans-Light.ttf */,
				77CB54BF23228D0000AEEC94 /* OpenSans-Regular.ttf */,
				77CB54C623228D0100AEEC94 /* Quicksand-Bold.ttf */,
				77CB54C823228D0100AEEC94 /* Quicksand-Light.ttf */,
				77CB54C423228D0100AEEC94 /* Quicksand-Medium.ttf */,
				77CB54C023228D0000AEEC94 /* Quicksand-Regular.ttf */,
				77CB54C523228D0100AEEC94 /* Roboto-Bold.ttf */,
				77CB54C323228D0100AEEC94 /* Roboto-Light.ttf */,
				77CB54C723228D0100AEEC94 /* Roboto-Medium.ttf */,
				77CB54C123228D0000AEEC94 /* Roboto-Regular.ttf */,
			);
			name = fonts;
			path = ../../fonts;
			sourceTree = "<group>";
		};
		77CB54D823265FD700AEEC94 /* Register */ = {
			isa = PBXGroup;
			children = (
				77CB54D92326601400AEEC94 /* RegisterViewController.swift */,
				773276F123266DAD00ED8476 /* RegisterViewController.storyboard */,
				773276F32326729D00ED8476 /* RegisterViewModel.swift */,
			);
			path = Register;
			sourceTree = "<group>";
		};
/* End PBXGroup section */

/* Begin PBXNativeTarget section */
		77AA5B0723227071006BAF70 /* Cardching */ = {
			isa = PBXNativeTarget;
			buildConfigurationList = 77AA5B3023227073006BAF70 /* Build configuration list for PBXNativeTarget "Cardching" */;
			buildPhases = (
				77AA5B0423227071006BAF70 /* Sources */,
				77AA5B0523227071006BAF70 /* Frameworks */,
				77AA5B0623227071006BAF70 /* Resources */,
			);
			buildRules = (
			);
			dependencies = (
			);
			name = Cardching;
			productName = Cardching;
			productReference = 77AA5B0823227071006BAF70 /* Cardching.app */;
			productType = "com.apple.product-type.application";
		};
		77AA5B1B23227073006BAF70 /* CardchingTests */ = {
			isa = PBXNativeTarget;
			buildConfigurationList = 77AA5B3323227073006BAF70 /* Build configuration list for PBXNativeTarget "CardchingTests" */;
			buildPhases = (
				77AA5B1823227073006BAF70 /* Sources */,
				77AA5B1923227073006BAF70 /* Frameworks */,
				77AA5B1A23227073006BAF70 /* Resources */,
			);
			buildRules = (
			);
			dependencies = (
				77AA5B1E23227073006BAF70 /* PBXTargetDependency */,
			);
			name = CardchingTests;
			productName = CardchingTests;
			productReference = 77AA5B1C23227073006BAF70 /* CardchingTests.xctest */;
			productType = "com.apple.product-type.bundle.unit-test";
		};
		77AA5B2623227073006BAF70 /* CardchingUITests */ = {
			isa = PBXNativeTarget;
			buildConfigurationList = 77AA5B3623227073006BAF70 /* Build configuration list for PBXNativeTarget "CardchingUITests" */;
			buildPhases = (
				77AA5B2323227073006BAF70 /* Sources */,
				77AA5B2423227073006BAF70 /* Frameworks */,
				77AA5B2523227073006BAF70 /* Resources */,
			);
			buildRules = (
			);
			dependencies = (
				77AA5B2923227073006BAF70 /* PBXTargetDependency */,
			);
			name = CardchingUITests;
			productName = CardchingUITests;
			productReference = 77AA5B2723227073006BAF70 /* CardchingUITests.xctest */;
			productType = "com.apple.product-type.bundle.ui-testing";
		};
/* End PBXNativeTarget section */

/* Begin PBXProject section */
		77AA5B0023227071006BAF70 /* Project object */ = {
			isa = PBXProject;
			attributes = {
				LastSwiftUpdateCheck = 1030;
				LastUpgradeCheck = 1030;
				ORGANIZATIONNAME = "Jakov Juric";
				TargetAttributes = {
					77AA5B0723227071006BAF70 = {
						CreatedOnToolsVersion = 10.3;
					};
					77AA5B1B23227073006BAF70 = {
						CreatedOnToolsVersion = 10.3;
						TestTargetID = 77AA5B0723227071006BAF70;
					};
					77AA5B2623227073006BAF70 = {
						CreatedOnToolsVersion = 10.3;
						TestTargetID = 77AA5B0723227071006BAF70;
					};
				};
			};
			buildConfigurationList = 77AA5B0323227071006BAF70 /* Build configuration list for PBXProject "Cardching" */;
			compatibilityVersion = "Xcode 9.3";
			developmentRegion = en;
			hasScannedForEncodings = 0;
			knownRegions = (
				en,
				Base,
			);
			mainGroup = 77AA5AFF23227071006BAF70;
			productRefGroup = 77AA5B0923227071006BAF70 /* Products */;
			projectDirPath = "";
			projectRoot = "";
			targets = (
				77AA5B0723227071006BAF70 /* Cardching */,
				77AA5B1B23227073006BAF70 /* CardchingTests */,
				77AA5B2623227073006BAF70 /* CardchingUITests */,
			);
		};
/* End PBXProject section */

/* Begin PBXResourcesBuildPhase section */
		77AA5B0623227071006BAF70 /* Resources */ = {
			isa = PBXResourcesBuildPhase;
			buildActionMask = 2147483647;
			files = (
				7732770323268D3200ED8476 /* DetailCardViewController.storyboard in Resources */,
				773276F923267A1800ED8476 /* CardsViewController.storyboard in Resources */,
				7732770823268D9300ED8476 /* BarcodeViewController.storyboard in Resources */,
				77CB54CA23228D0100AEEC94 /* OpenSans-Regular.ttf in Resources */,
				77CB54CB23228D0100AEEC94 /* Quicksand-Regular.ttf in Resources */,
				77CB54CC23228D0100AEEC94 /* Roboto-Regular.ttf in Resources */,
				77CB54CD23228D0100AEEC94 /* OpenSans-Bold.ttf in Resources */,
				773276F223266DAD00ED8476 /* RegisterViewController.storyboard in Resources */,
				77CB54CE23228D0100AEEC94 /* Roboto-Light.ttf in Resources */,
				77CB54CF23228D0100AEEC94 /* Quicksand-Medium.ttf in Resources */,
				77CB54D023228D0100AEEC94 /* Roboto-Bold.ttf in Resources */,
				77CB54D123228D0100AEEC94 /* Quicksand-Bold.ttf in Resources */,
				77CB54D223228D0100AEEC94 /* Roboto-Medium.ttf in Resources */,
				77CB54D323228D0100AEEC94 /* Quicksand-Light.ttf in Resources */,
				7732770F23279BAE00ED8476 /* Assets.xcassets in Resources */,
				77CB54D423228D0100AEEC94 /* OpenSans-Light.ttf in Resources */,
				77AA5B1623227073006BAF70 /* LaunchScreen.storyboard in Resources */,
				7732770D23268E5B00ED8476 /* NewCardViewController.storyboard in Resources */,
				77AA5B1123227071006BAF70 /* LoginViewController.storyboard in Resources */,
				77AA5B3A232277D0006BAF70 /* fonts in Resources */,
			);
			runOnlyForDeploymentPostprocessing = 0;
		};
		77AA5B1A23227073006BAF70 /* Resources */ = {
			isa = PBXResourcesBuildPhase;
			buildActionMask = 2147483647;
			files = (
			);
			runOnlyForDeploymentPostprocessing = 0;
		};
		77AA5B2523227073006BAF70 /* Resources */ = {
			isa = PBXResourcesBuildPhase;
			buildActionMask = 2147483647;
			files = (
			);
			runOnlyForDeploymentPostprocessing = 0;
		};
/* End PBXResourcesBuildPhase section */

/* Begin PBXSourcesBuildPhase section */
		77AA5B0423227071006BAF70 /* Sources */ = {
			isa = PBXSourcesBuildPhase;
			buildActionMask = 2147483647;
			files = (
				77AA5B47232282BA006BAF70 /* AnchorExtensions.swift in Sources */,
				77AA5B49232284E4006BAF70 /* Colors.swift in Sources */,
				77CB54DA2326601400AEEC94 /* RegisterViewController.swift in Sources */,
				773276F02326689C00ED8476 /* MainCoordinator.swift in Sources */,
				773276F42326729D00ED8476 /* RegisterViewModel.swift in Sources */,
				7732771123279CDE00ED8476 /* DetailCardViewModel.swift in Sources */,
				7732770623268D8600ED8476 /* BarcodeViewController.swift in Sources */,
				77AA5B0E23227071006BAF70 /* LoginViewController.swift in Sources */,
				77CB54DC2326604A00AEEC94 /* LoginViewModel.swift in Sources */,
				77AA5B4B2322872B006BAF70 /* TextField.swift in Sources */,
				7732770B23268E5200ED8476 /* NewCardViewController.swift in Sources */,
				773276F723267A0600ED8476 /* CardsViewController.swift in Sources */,
				77AA5B0C23227071006BAF70 /* AppDelegate.swift in Sources */,
				773276FB23267A2800ED8476 /* CardsViewModel.swift in Sources */,
				773277132327B5E700ED8476 /* NewCardViewModel.swift in Sources */,
				7732770123268D2900ED8476 /* DetailCardViewController.swift in Sources */,
				77AA5B4423227E64006BAF70 /* CustomFieldView.swift in Sources */,
				773276EE2326686D00ED8476 /* Coordinator.swift in Sources */,
				773276FE23267E2400ED8476 /* CardTableViewCell.swift in Sources */,
			);
			runOnlyForDeploymentPostprocessing = 0;
		};
		77AA5B1823227073006BAF70 /* Sources */ = {
			isa = PBXSourcesBuildPhase;
			buildActionMask = 2147483647;
			files = (
				77AA5B2123227073006BAF70 /* CardchingTests.swift in Sources */,
			);
			runOnlyForDeploymentPostprocessing = 0;
		};
		77AA5B2323227073006BAF70 /* Sources */ = {
			isa = PBXSourcesBuildPhase;
			buildActionMask = 2147483647;
			files = (
				77AA5B2C23227073006BAF70 /* CardchingUITests.swift in Sources */,
			);
			runOnlyForDeploymentPostprocessing = 0;
		};
/* End PBXSourcesBuildPhase section */

/* Begin PBXTargetDependency section */
		77AA5B1E23227073006BAF70 /* PBXTargetDependency */ = {
			isa = PBXTargetDependency;
			target = 77AA5B0723227071006BAF70 /* Cardching */;
			targetProxy = 77AA5B1D23227073006BAF70 /* PBXContainerItemProxy */;
		};
		77AA5B2923227073006BAF70 /* PBXTargetDependency */ = {
			isa = PBXTargetDependency;
			target = 77AA5B0723227071006BAF70 /* Cardching */;
			targetProxy = 77AA5B2823227073006BAF70 /* PBXContainerItemProxy */;
		};
/* End PBXTargetDependency section */

/* Begin PBXVariantGroup section */
		77AA5B0F23227071006BAF70 /* LoginViewController.storyboard */ = {
			isa = PBXVariantGroup;
			children = (
				77AA5B1023227071006BAF70 /* Base */,
			);
			name = LoginViewController.storyboard;
			sourceTree = "<group>";
		};
		77AA5B1423227073006BAF70 /* LaunchScreen.storyboard */ = {
			isa = PBXVariantGroup;
			children = (
				77AA5B1523227073006BAF70 /* Base */,
			);
			name = LaunchScreen.storyboard;
			sourceTree = "<group>";
		};
/* End PBXVariantGroup section */

/* Begin XCBuildConfiguration section */
		77AA5B2E23227073006BAF70 /* Debug */ = {
			isa = XCBuildConfiguration;
			buildSettings = {
				ALWAYS_SEARCH_USER_PATHS = NO;
				CLANG_ANALYZER_NONNULL = YES;
				CLANG_ANALYZER_NUMBER_OBJECT_CONVERSION = YES_AGGRESSIVE;
				CLANG_CXX_LANGUAGE_STANDARD = "gnu++14";
				CLANG_CXX_LIBRARY = "libc++";
				CLANG_ENABLE_MODULES = YES;
				CLANG_ENABLE_OBJC_ARC = YES;
				CLANG_ENABLE_OBJC_WEAK = YES;
				CLANG_WARN_BLOCK_CAPTURE_AUTORELEASING = YES;
				CLANG_WARN_BOOL_CONVERSION = YES;
				CLANG_WARN_COMMA = YES;
				CLANG_WARN_CONSTANT_CONVERSION = YES;
				CLANG_WARN_DEPRECATED_OBJC_IMPLEMENTATIONS = YES;
				CLANG_WARN_DIRECT_OBJC_ISA_USAGE = YES_ERROR;
				CLANG_WARN_DOCUMENTATION_COMMENTS = YES;
				CLANG_WARN_EMPTY_BODY = YES;
				CLANG_WARN_ENUM_CONVERSION = YES;
				CLANG_WARN_INFINITE_RECURSION = YES;
				CLANG_WARN_INT_CONVERSION = YES;
				CLANG_WARN_NON_LITERAL_NULL_CONVERSION = YES;
				CLANG_WARN_OBJC_IMPLICIT_RETAIN_SELF = YES;
				CLANG_WARN_OBJC_LITERAL_CONVERSION = YES;
				CLANG_WARN_OBJC_ROOT_CLASS = YES_ERROR;
				CLANG_WARN_RANGE_LOOP_ANALYSIS = YES;
				CLANG_WARN_STRICT_PROTOTYPES = YES;
				CLANG_WARN_SUSPICIOUS_MOVE = YES;
				CLANG_WARN_UNGUARDED_AVAILABILITY = YES_AGGRESSIVE;
				CLANG_WARN_UNREACHABLE_CODE = YES;
				CLANG_WARN__DUPLICATE_METHOD_MATCH = YES;
				CODE_SIGN_IDENTITY = "iPhone Developer";
				COPY_PHASE_STRIP = NO;
				DEBUG_INFORMATION_FORMAT = dwarf;
				ENABLE_STRICT_OBJC_MSGSEND = YES;
				ENABLE_TESTABILITY = YES;
				GCC_C_LANGUAGE_STANDARD = gnu11;
				GCC_DYNAMIC_NO_PIC = NO;
				GCC_NO_COMMON_BLOCKS = YES;
				GCC_OPTIMIZATION_LEVEL = 0;
				GCC_PREPROCESSOR_DEFINITIONS = (
					"DEBUG=1",
					"$(inherited)",
				);
				GCC_WARN_64_TO_32_BIT_CONVERSION = YES;
				GCC_WARN_ABOUT_RETURN_TYPE = YES_ERROR;
				GCC_WARN_UNDECLARED_SELECTOR = YES;
				GCC_WARN_UNINITIALIZED_AUTOS = YES_AGGRESSIVE;
				GCC_WARN_UNUSED_FUNCTION = YES;
				GCC_WARN_UNUSED_VARIABLE = YES;
				IPHONEOS_DEPLOYMENT_TARGET = 12.4;
				MTL_ENABLE_DEBUG_INFO = INCLUDE_SOURCE;
				MTL_FAST_MATH = YES;
				ONLY_ACTIVE_ARCH = YES;
				SDKROOT = iphoneos;
				SWIFT_ACTIVE_COMPILATION_CONDITIONS = DEBUG;
				SWIFT_OPTIMIZATION_LEVEL = "-Onone";
			};
			name = Debug;
		};
		77AA5B2F23227073006BAF70 /* Release */ = {
			isa = XCBuildConfiguration;
			buildSettings = {
				ALWAYS_SEARCH_USER_PATHS = NO;
				CLANG_ANALYZER_NONNULL = YES;
				CLANG_ANALYZER_NUMBER_OBJECT_CONVERSION = YES_AGGRESSIVE;
				CLANG_CXX_LANGUAGE_STANDARD = "gnu++14";
				CLANG_CXX_LIBRARY = "libc++";
				CLANG_ENABLE_MODULES = YES;
				CLANG_ENABLE_OBJC_ARC = YES;
				CLANG_ENABLE_OBJC_WEAK = YES;
				CLANG_WARN_BLOCK_CAPTURE_AUTORELEASING = YES;
				CLANG_WARN_BOOL_CONVERSION = YES;
				CLANG_WARN_COMMA = YES;
				CLANG_WARN_CONSTANT_CONVERSION = YES;
				CLANG_WARN_DEPRECATED_OBJC_IMPLEMENTATIONS = YES;
				CLANG_WARN_DIRECT_OBJC_ISA_USAGE = YES_ERROR;
				CLANG_WARN_DOCUMENTATION_COMMENTS = YES;
				CLANG_WARN_EMPTY_BODY = YES;
				CLANG_WARN_ENUM_CONVERSION = YES;
				CLANG_WARN_INFINITE_RECURSION = YES;
				CLANG_WARN_INT_CONVERSION = YES;
				CLANG_WARN_NON_LITERAL_NULL_CONVERSION = YES;
				CLANG_WARN_OBJC_IMPLICIT_RETAIN_SELF = YES;
				CLANG_WARN_OBJC_LITERAL_CONVERSION = YES;
				CLANG_WARN_OBJC_ROOT_CLASS = YES_ERROR;
				CLANG_WARN_RANGE_LOOP_ANALYSIS = YES;
				CLANG_WARN_STRICT_PROTOTYPES = YES;
				CLANG_WARN_SUSPICIOUS_MOVE = YES;
				CLANG_WARN_UNGUARDED_AVAILABILITY = YES_AGGRESSIVE;
				CLANG_WARN_UNREACHABLE_CODE = YES;
				CLANG_WARN__DUPLICATE_METHOD_MATCH = YES;
				CODE_SIGN_IDENTITY = "iPhone Developer";
				COPY_PHASE_STRIP = NO;
				DEBUG_INFORMATION_FORMAT = "dwarf-with-dsym";
				ENABLE_NS_ASSERTIONS = NO;
				ENABLE_STRICT_OBJC_MSGSEND = YES;
				GCC_C_LANGUAGE_STANDARD = gnu11;
				GCC_NO_COMMON_BLOCKS = YES;
				GCC_WARN_64_TO_32_BIT_CONVERSION = YES;
				GCC_WARN_ABOUT_RETURN_TYPE = YES_ERROR;
				GCC_WARN_UNDECLARED_SELECTOR = YES;
				GCC_WARN_UNINITIALIZED_AUTOS = YES_AGGRESSIVE;
				GCC_WARN_UNUSED_FUNCTION = YES;
				GCC_WARN_UNUSED_VARIABLE = YES;
				IPHONEOS_DEPLOYMENT_TARGET = 12.4;
				MTL_ENABLE_DEBUG_INFO = NO;
				MTL_FAST_MATH = YES;
				SDKROOT = iphoneos;
				SWIFT_COMPILATION_MODE = wholemodule;
				SWIFT_OPTIMIZATION_LEVEL = "-O";
				VALIDATE_PRODUCT = YES;
			};
			name = Release;
		};
		77AA5B3123227073006BAF70 /* Debug */ = {
			isa = XCBuildConfiguration;
			buildSettings = {
				ASSETCATALOG_COMPILER_APPICON_NAME = AppIcon;
				CODE_SIGN_STYLE = Automatic;
				INFOPLIST_FILE = Cardching/Info.plist;
				LD_RUNPATH_SEARCH_PATHS = (
					"$(inherited)",
					"@executable_path/Frameworks",
				);
				PRODUCT_BUNDLE_IDENTIFIER = com.juricjakov.Cardching;
				PRODUCT_NAME = "$(TARGET_NAME)";
				SWIFT_VERSION = 5.0;
				TARGETED_DEVICE_FAMILY = "1,2";
			};
			name = Debug;
		};
		77AA5B3223227073006BAF70 /* Release */ = {
			isa = XCBuildConfiguration;
			buildSettings = {
				ASSETCATALOG_COMPILER_APPICON_NAME = AppIcon;
				CODE_SIGN_STYLE = Automatic;
				INFOPLIST_FILE = Cardching/Info.plist;
				LD_RUNPATH_SEARCH_PATHS = (
					"$(inherited)",
					"@executable_path/Frameworks",
				);
				PRODUCT_BUNDLE_IDENTIFIER = com.juricjakov.Cardching;
				PRODUCT_NAME = "$(TARGET_NAME)";
				SWIFT_VERSION = 5.0;
				TARGETED_DEVICE_FAMILY = "1,2";
			};
			name = Release;
		};
		77AA5B3423227073006BAF70 /* Debug */ = {
			isa = XCBuildConfiguration;
			buildSettings = {
				ALWAYS_EMBED_SWIFT_STANDARD_LIBRARIES = YES;
				BUNDLE_LOADER = "$(TEST_HOST)";
				CODE_SIGN_STYLE = Automatic;
				INFOPLIST_FILE = CardchingTests/Info.plist;
				LD_RUNPATH_SEARCH_PATHS = (
					"$(inherited)",
					"@executable_path/Frameworks",
					"@loader_path/Frameworks",
				);
				PRODUCT_BUNDLE_IDENTIFIER = com.juricjakov.CardchingTests;
				PRODUCT_NAME = "$(TARGET_NAME)";
				SWIFT_VERSION = 5.0;
				TARGETED_DEVICE_FAMILY = "1,2";
				TEST_HOST = "$(BUILT_PRODUCTS_DIR)/Cardching.app/Cardching";
			};
			name = Debug;
		};
		77AA5B3523227073006BAF70 /* Release */ = {
			isa = XCBuildConfiguration;
			buildSettings = {
				ALWAYS_EMBED_SWIFT_STANDARD_LIBRARIES = YES;
				BUNDLE_LOADER = "$(TEST_HOST)";
				CODE_SIGN_STYLE = Automatic;
				INFOPLIST_FILE = CardchingTests/Info.plist;
				LD_RUNPATH_SEARCH_PATHS = (
					"$(inherited)",
					"@executable_path/Frameworks",
					"@loader_path/Frameworks",
				);
				PRODUCT_BUNDLE_IDENTIFIER = com.juricjakov.CardchingTests;
				PRODUCT_NAME = "$(TARGET_NAME)";
				SWIFT_VERSION = 5.0;
				TARGETED_DEVICE_FAMILY = "1,2";
				TEST_HOST = "$(BUILT_PRODUCTS_DIR)/Cardching.app/Cardching";
			};
			name = Release;
		};
		77AA5B3723227073006BAF70 /* Debug */ = {
			isa = XCBuildConfiguration;
			buildSettings = {
				ALWAYS_EMBED_SWIFT_STANDARD_LIBRARIES = YES;
				CODE_SIGN_STYLE = Automatic;
				INFOPLIST_FILE = CardchingUITests/Info.plist;
				LD_RUNPATH_SEARCH_PATHS = (
					"$(inherited)",
					"@executable_path/Frameworks",
					"@loader_path/Frameworks",
				);
				PRODUCT_BUNDLE_IDENTIFIER = com.juricjakov.CardchingUITests;
				PRODUCT_NAME = "$(TARGET_NAME)";
				SWIFT_VERSION = 5.0;
				TARGETED_DEVICE_FAMILY = "1,2";
				TEST_TARGET_NAME = Cardching;
			};
			name = Debug;
		};
		77AA5B3823227073006BAF70 /* Release */ = {
			isa = XCBuildConfiguration;
			buildSettings = {
				ALWAYS_EMBED_SWIFT_STANDARD_LIBRARIES = YES;
				CODE_SIGN_STYLE = Automatic;
				INFOPLIST_FILE = CardchingUITests/Info.plist;
				LD_RUNPATH_SEARCH_PATHS = (
					"$(inherited)",
					"@executable_path/Frameworks",
					"@loader_path/Frameworks",
				);
				PRODUCT_BUNDLE_IDENTIFIER = com.juricjakov.CardchingUITests;
				PRODUCT_NAME = "$(TARGET_NAME)";
				SWIFT_VERSION = 5.0;
				TARGETED_DEVICE_FAMILY = "1,2";
				TEST_TARGET_NAME = Cardching;
			};
			name = Release;
		};
/* End XCBuildConfiguration section */

/* Begin XCConfigurationList section */
		77AA5B0323227071006BAF70 /* Build configuration list for PBXProject "Cardching" */ = {
			isa = XCConfigurationList;
			buildConfigurations = (
				77AA5B2E23227073006BAF70 /* Debug */,
				77AA5B2F23227073006BAF70 /* Release */,
			);
			defaultConfigurationIsVisible = 0;
			defaultConfigurationName = Release;
		};
		77AA5B3023227073006BAF70 /* Build configuration list for PBXNativeTarget "Cardching" */ = {
			isa = XCConfigurationList;
			buildConfigurations = (
				77AA5B3123227073006BAF70 /* Debug */,
				77AA5B3223227073006BAF70 /* Release */,
			);
			defaultConfigurationIsVisible = 0;
			defaultConfigurationName = Release;
		};
		77AA5B3323227073006BAF70 /* Build configuration list for PBXNativeTarget "CardchingTests" */ = {
			isa = XCConfigurationList;
			buildConfigurations = (
				77AA5B3423227073006BAF70 /* Debug */,
				77AA5B3523227073006BAF70 /* Release */,
			);
			defaultConfigurationIsVisible = 0;
			defaultConfigurationName = Release;
		};
		77AA5B3623227073006BAF70 /* Build configuration list for PBXNativeTarget "CardchingUITests" */ = {
			isa = XCConfigurationList;
			buildConfigurations = (
				77AA5B3723227073006BAF70 /* Debug */,
				77AA5B3823227073006BAF70 /* Release */,
			);
			defaultConfigurationIsVisible = 0;
			defaultConfigurationName = Release;
		};
/* End XCConfigurationList section */
	};
	rootObject = 77AA5B0023227071006BAF70 /* Project object */;
}
